
Microsoft Visual Studio Solution File, Format Version 12.00
# Visual Studio 15
VisualStudioVersion = 15.0.26430.12
MinimumVisualStudioVersion = 10.0.40219.1
Project("{FAE04EC0-301F-11D3-BF4B-00C04F79EFBC}") = "PrinterRepairService", "PrinterRepair\PrinterRepairService.csproj", "{1E78BC30-B67A-43CF-92F0-18EE69111210}"
EndProject
Project("{FAE04EC0-301F-11D3-BF4B-00C04F79EFBC}") = "PrinterRepairServiceTests", "PrinterRepairServiceTests\PrinterRepairServiceTests.csproj", "{B47DBDB5-37CF-49BB-9FF3-1E55224F21A3}"
EndProject
Global
	GlobalSection(SolutionConfigurationPlatforms) = preSolution
		Debug|Any CPU = Debug|Any CPU
		Release|Any CPU = Release|Any CPU
	EndGlobalSection
	GlobalSection(ProjectConfigurationPlatforms) = postSolution
		{1E78BC30-B67A-43CF-92F0-18EE69111210}.Debug|Any CPU.ActiveCfg = Debug|Any CPU
		{1E78BC30-B67A-43CF-92F0-18EE69111210}.Debug|Any CPU.Build.0 = Debug|Any CPU
		{1E78BC30-B67A-43CF-92F0-18EE69111210}.Release|Any CPU.ActiveCfg = Release|Any CPU
		{1E78BC30-B67A-43CF-92F0-18EE69111210}.Release|Any CPU.Build.0 = Release|Any CPU
		{B47DBDB5-37CF-49BB-9FF3-1E55224F21A3}.Debug|Any CPU.ActiveCfg = Debug|Any CPU
		{B47DBDB5-37CF-49BB-9FF3-1E55224F21A3}.Debug|Any CPU.Build.0 = Debug|Any CPU
		{B47DBDB5-37CF-49BB-9FF3-1E55224F21A3}.Release|Any CPU.ActiveCfg = Release|Any CPU
		{B47DBDB5-37CF-49BB-9FF3-1E55224F21A3}.Release|Any CPU.Build.0 = Release|Any CPU
	EndGlobalSection
	GlobalSection(SolutionProperties) = preSolution
		HideSolutionNode = FALSE
	EndGlobalSection
EndGlobal
